
Microsoft Visual Studio Solution File, Format Version 12.00
# Visual Studio for Mac
Project("{FAE04EC0-301F-11D3-BF4B-00C04F79EFBC}") = "HolodeckVive.Plugins", "HolodeckVive.Plugins.csproj", "{81C50E6A-7FC7-1BB6-B6AC-41B47CB48540}"
EndProject
Project("{FAE04EC0-301F-11D3-BF4B-00C04F79EFBC}") = "HolodeckVive", "HolodeckVive.csproj", "{D77A76F3-19CA-BB46-C9D1-7AEB5DD415FE}"
EndProject
Project("{FAE04EC0-301F-11D3-BF4B-00C04F79EFBC}") = "HolodeckVive.Editor", "HolodeckVive.Editor.csproj", "{589C4250-D402-B866-06F1-B89F023AD475}"
EndProject
Global
	GlobalSection(SolutionConfigurationPlatforms) = preSolution
		Debug|Any CPU = Debug|Any CPU
		Release|Any CPU = Release|Any CPU
	EndGlobalSection
	GlobalSection(ProjectConfigurationPlatforms) = postSolution
		{81C50E6A-7FC7-1BB6-B6AC-41B47CB48540}.Debug|Any CPU.ActiveCfg = Debug|Any CPU
		{81C50E6A-7FC7-1BB6-B6AC-41B47CB48540}.Debug|Any CPU.Build.0 = Debug|Any CPU
		{81C50E6A-7FC7-1BB6-B6AC-41B47CB48540}.Release|Any CPU.ActiveCfg = Release|Any CPU
		{81C50E6A-7FC7-1BB6-B6AC-41B47CB48540}.Release|Any CPU.Build.0 = Release|Any CPU
		{D77A76F3-19CA-BB46-C9D1-7AEB5DD415FE}.Debug|Any CPU.ActiveCfg = Debug|Any CPU
		{D77A76F3-19CA-BB46-C9D1-7AEB5DD415FE}.Debug|Any CPU.Build.0 = Debug|Any CPU
		{D77A76F3-19CA-BB46-C9D1-7AEB5DD415FE}.Release|Any CPU.ActiveCfg = Release|Any CPU
		{D77A76F3-19CA-BB46-C9D1-7AEB5DD415FE}.Release|Any CPU.Build.0 = Release|Any CPU
		{589C4250-D402-B866-06F1-B89F023AD475}.Debug|Any CPU.ActiveCfg = Debug|Any CPU
		{589C4250-D402-B866-06F1-B89F023AD475}.Debug|Any CPU.Build.0 = Debug|Any CPU
		{589C4250-D402-B866-06F1-B89F023AD475}.Release|Any CPU.ActiveCfg = Release|Any CPU
		{589C4250-D402-B866-06F1-B89F023AD475}.Release|Any CPU.Build.0 = Release|Any CPU
	EndGlobalSection
	GlobalSection(SolutionProperties) = preSolution
		HideSolutionNode = FALSE
	EndGlobalSection
EndGlobal
