
Microsoft Visual Studio Solution File, Format Version 12.00
# Visual Studio 2015
Project("{FAE04EC0-301F-11D3-BF4B-00C04F79EFBC}") = "Holojam.Plugins", "Holojam.Plugins.csproj", "{87960344-0172-F9D7-07F1-1224B62D36FA}"
EndProject
Project("{FAE04EC0-301F-11D3-BF4B-00C04F79EFBC}") = "Holojam", "Holojam.csproj", "{6968D8CF-BF02-4CEA-28AE-E2BDAAE68431}"
EndProject
Project("{FAE04EC0-301F-11D3-BF4B-00C04F79EFBC}") = "Holojam.Editor", "Holojam.Editor.csproj", "{1935F553-5A6B-3E54-6ECA-BA14C595BB8A}"
EndProject
Global
	GlobalSection(SolutionConfigurationPlatforms) = preSolution
		Debug|Any CPU = Debug|Any CPU
		Release|Any CPU = Release|Any CPU
	EndGlobalSection
	GlobalSection(ProjectConfigurationPlatforms) = postSolution
		{87960344-0172-F9D7-07F1-1224B62D36FA}.Debug|Any CPU.ActiveCfg = Debug|Any CPU
		{87960344-0172-F9D7-07F1-1224B62D36FA}.Debug|Any CPU.Build.0 = Debug|Any CPU
		{87960344-0172-F9D7-07F1-1224B62D36FA}.Release|Any CPU.ActiveCfg = Release|Any CPU
		{87960344-0172-F9D7-07F1-1224B62D36FA}.Release|Any CPU.Build.0 = Release|Any CPU
		{6968D8CF-BF02-4CEA-28AE-E2BDAAE68431}.Debug|Any CPU.ActiveCfg = Debug|Any CPU
		{6968D8CF-BF02-4CEA-28AE-E2BDAAE68431}.Debug|Any CPU.Build.0 = Debug|Any CPU
		{6968D8CF-BF02-4CEA-28AE-E2BDAAE68431}.Release|Any CPU.ActiveCfg = Release|Any CPU
		{6968D8CF-BF02-4CEA-28AE-E2BDAAE68431}.Release|Any CPU.Build.0 = Release|Any CPU
		{1935F553-5A6B-3E54-6ECA-BA14C595BB8A}.Debug|Any CPU.ActiveCfg = Debug|Any CPU
		{1935F553-5A6B-3E54-6ECA-BA14C595BB8A}.Debug|Any CPU.Build.0 = Debug|Any CPU
		{1935F553-5A6B-3E54-6ECA-BA14C595BB8A}.Release|Any CPU.ActiveCfg = Release|Any CPU
		{1935F553-5A6B-3E54-6ECA-BA14C595BB8A}.Release|Any CPU.Build.0 = Release|Any CPU
	EndGlobalSection
	GlobalSection(SolutionProperties) = preSolution
		HideSolutionNode = FALSE
	EndGlobalSection
EndGlobal
